// !$*UTF8*$!
{
	archiveVersion = 1;
	classes = {
	};
	objectVersion = 55;
	objects = {

/* Begin PBXBuildFile section */
		6421BC6E7A56389EA0DC01F7 /* Pods_My_PlacesTests.framework in Frameworks */ = {isa = PBXBuildFile; fileRef = 248CF63170C888A5422375D0 /* Pods_My_PlacesTests.framework */; };
		70D4DA68BFDC55453B9449A7 /* Pods_My_Places_My_PlacesUITests.framework in Frameworks */ = {isa = PBXBuildFile; fileRef = A6B17EE859A30F35FDEBB958 /* Pods_My_Places_My_PlacesUITests.framework */; };
		75764C5C90D1A082D29B3DBC /* Pods_My_Places.framework in Frameworks */ = {isa = PBXBuildFile; fileRef = 2988693570165BBCA2DB8567 /* Pods_My_Places.framework */; };
		8514974F2839739A00B44E2C /* StorageManager.swift in Sources */ = {isa = PBXBuildFile; fileRef = 8514974E2839739A00B44E2C /* StorageManager.swift */; };
		85149777283E077600B44E2C /* RatingControl.swift in Sources */ = {isa = PBXBuildFile; fileRef = 85149776283E077600B44E2C /* RatingControl.swift */; };
		851679CD283FF4D300F5EDBB /* MapViewController.swift in Sources */ = {isa = PBXBuildFile; fileRef = 851679CC283FF4D300F5EDBB /* MapViewController.swift */; };
		8521CDEA282B002D0075545F /* AppDelegate.swift in Sources */ = {isa = PBXBuildFile; fileRef = 8521CDE9282B002D0075545F /* AppDelegate.swift */; };
		8521CDEC282B002D0075545F /* SceneDelegate.swift in Sources */ = {isa = PBXBuildFile; fileRef = 8521CDEB282B002D0075545F /* SceneDelegate.swift */; };
		8521CDF1282B002D0075545F /* Main.storyboard in Resources */ = {isa = PBXBuildFile; fileRef = 8521CDEF282B002D0075545F /* Main.storyboard */; };
		8521CDF3282B002E0075545F /* Assets.xcassets in Resources */ = {isa = PBXBuildFile; fileRef = 8521CDF2282B002E0075545F /* Assets.xcassets */; };
		8521CDF6282B002E0075545F /* LaunchScreen.storyboard in Resources */ = {isa = PBXBuildFile; fileRef = 8521CDF4282B002E0075545F /* LaunchScreen.storyboard */; };
		8521CE01282B002E0075545F /* My_PlacesTests.swift in Sources */ = {isa = PBXBuildFile; fileRef = 8521CE00282B002E0075545F /* My_PlacesTests.swift */; };
		8521CE0B282B002E0075545F /* My_PlacesUITests.swift in Sources */ = {isa = PBXBuildFile; fileRef = 8521CE0A282B002E0075545F /* My_PlacesUITests.swift */; };
		8521CE0D282B002E0075545F /* My_PlacesUITestsLaunchTests.swift in Sources */ = {isa = PBXBuildFile; fileRef = 8521CE0C282B002E0075545F /* My_PlacesUITestsLaunchTests.swift */; };
		854103BB282C54E300234A33 /* MainViewController.swift in Sources */ = {isa = PBXBuildFile; fileRef = 854103BA282C54E300234A33 /* MainViewController.swift */; };
		854103E5282EC69400234A33 /* CustomTableViewCell.swift in Sources */ = {isa = PBXBuildFile; fileRef = 854103E4282EC69400234A33 /* CustomTableViewCell.swift */; };
		854103FA2830FACD00234A33 /* PlaceModal.swift in Sources */ = {isa = PBXBuildFile; fileRef = 854103F92830FACD00234A33 /* PlaceModal.swift */; };
		854D4B9C283110C500754995 /* NewPlaceViewController.swift in Sources */ = {isa = PBXBuildFile; fileRef = 854D4B9B283110C500754995 /* NewPlaceViewController.swift */; };
		85A12C472841619700C02890 /* MapManager.swift in Sources */ = {isa = PBXBuildFile; fileRef = 85A12C462841619700C02890 /* MapManager.swift */; };
/* End PBXBuildFile section */

/* Begin PBXContainerItemProxy section */
		8521CDFD282B002E0075545F /* PBXContainerItemProxy */ = {
			isa = PBXContainerItemProxy;
			containerPortal = 8521CDDE282B002D0075545F /* Project object */;
			proxyType = 1;
			remoteGlobalIDString = 8521CDE5282B002D0075545F;
			remoteInfo = "My Places";
		};
		8521CE07282B002E0075545F /* PBXContainerItemProxy */ = {
			isa = PBXContainerItemProxy;
			containerPortal = 8521CDDE282B002D0075545F /* Project object */;
			proxyType = 1;
			remoteGlobalIDString = 8521CDE5282B002D0075545F;
			remoteInfo = "My Places";
		};
/* End PBXContainerItemProxy section */

/* Begin PBXFileReference section */
		248CF63170C888A5422375D0 /* Pods_My_PlacesTests.framework */ = {isa = PBXFileReference; explicitFileType = wrapper.framework; includeInIndex = 0; path = Pods_My_PlacesTests.framework; sourceTree = BUILT_PRODUCTS_DIR; };
		2988693570165BBCA2DB8567 /* Pods_My_Places.framework */ = {isa = PBXFileReference; explicitFileType = wrapper.framework; includeInIndex = 0; path = Pods_My_Places.framework; sourceTree = BUILT_PRODUCTS_DIR; };
		3557F6DC1154AA8FCBD143A6 /* Pods-My PlacesTests.debug.xcconfig */ = {isa = PBXFileReference; includeInIndex = 1; lastKnownFileType = text.xcconfig; name = "Pods-My PlacesTests.debug.xcconfig"; path = "Target Support Files/Pods-My PlacesTests/Pods-My PlacesTests.debug.xcconfig"; sourceTree = "<group>"; };
		52170CEC513272984489A41F /* Pods-My PlacesTests.release.xcconfig */ = {isa = PBXFileReference; includeInIndex = 1; lastKnownFileType = text.xcconfig; name = "Pods-My PlacesTests.release.xcconfig"; path = "Target Support Files/Pods-My PlacesTests/Pods-My PlacesTests.release.xcconfig"; sourceTree = "<group>"; };
		563E3E08D661B3C7AAA20DE2 /* Pods-My Places-My PlacesUITests.debug.xcconfig */ = {isa = PBXFileReference; includeInIndex = 1; lastKnownFileType = text.xcconfig; name = "Pods-My Places-My PlacesUITests.debug.xcconfig"; path = "Target Support Files/Pods-My Places-My PlacesUITests/Pods-My Places-My PlacesUITests.debug.xcconfig"; sourceTree = "<group>"; };
		5F9ABDE3672210136F51450C /* Pods-My Places.debug.xcconfig */ = {isa = PBXFileReference; includeInIndex = 1; lastKnownFileType = text.xcconfig; name = "Pods-My Places.debug.xcconfig"; path = "Target Support Files/Pods-My Places/Pods-My Places.debug.xcconfig"; sourceTree = "<group>"; };
		6F067621983E6CCFE105578E /* Pods-My Places-My PlacesUITests.release.xcconfig */ = {isa = PBXFileReference; includeInIndex = 1; lastKnownFileType = text.xcconfig; name = "Pods-My Places-My PlacesUITests.release.xcconfig"; path = "Target Support Files/Pods-My Places-My PlacesUITests/Pods-My Places-My PlacesUITests.release.xcconfig"; sourceTree = "<group>"; };
		8514974E2839739A00B44E2C /* StorageManager.swift */ = {isa = PBXFileReference; lastKnownFileType = sourcecode.swift; path = StorageManager.swift; sourceTree = "<group>"; };
		85149776283E077600B44E2C /* RatingControl.swift */ = {isa = PBXFileReference; lastKnownFileType = sourcecode.swift; path = RatingControl.swift; sourceTree = "<group>"; };
		851679CC283FF4D300F5EDBB /* MapViewController.swift */ = {isa = PBXFileReference; lastKnownFileType = sourcecode.swift; path = MapViewController.swift; sourceTree = "<group>"; };
		8521CDE6282B002D0075545F /* My Places.app */ = {isa = PBXFileReference; explicitFileType = wrapper.application; includeInIndex = 0; path = "My Places.app"; sourceTree = BUILT_PRODUCTS_DIR; };
		8521CDE9282B002D0075545F /* AppDelegate.swift */ = {isa = PBXFileReference; lastKnownFileType = sourcecode.swift; path = AppDelegate.swift; sourceTree = "<group>"; };
		8521CDEB282B002D0075545F /* SceneDelegate.swift */ = {isa = PBXFileReference; lastKnownFileType = sourcecode.swift; path = SceneDelegate.swift; sourceTree = "<group>"; };
		8521CDF0282B002D0075545F /* Base */ = {isa = PBXFileReference; lastKnownFileType = file.storyboard; name = Base; path = Base.lproj/Main.storyboard; sourceTree = "<group>"; };
		8521CDF2282B002E0075545F /* Assets.xcassets */ = {isa = PBXFileReference; lastKnownFileType = folder.assetcatalog; path = Assets.xcassets; sourceTree = "<group>"; };
		8521CDF5282B002E0075545F /* Base */ = {isa = PBXFileReference; lastKnownFileType = file.storyboard; name = Base; path = Base.lproj/LaunchScreen.storyboard; sourceTree = "<group>"; };
		8521CDF7282B002E0075545F /* Info.plist */ = {isa = PBXFileReference; lastKnownFileType = text.plist.xml; path = Info.plist; sourceTree = "<group>"; };
		8521CDFC282B002E0075545F /* My PlacesTests.xctest */ = {isa = PBXFileReference; explicitFileType = wrapper.cfbundle; includeInIndex = 0; path = "My PlacesTests.xctest"; sourceTree = BUILT_PRODUCTS_DIR; };
		8521CE00282B002E0075545F /* My_PlacesTests.swift */ = {isa = PBXFileReference; lastKnownFileType = sourcecode.swift; path = My_PlacesTests.swift; sourceTree = "<group>"; };
		8521CE06282B002E0075545F /* My PlacesUITests.xctest */ = {isa = PBXFileReference; explicitFileType = wrapper.cfbundle; includeInIndex = 0; path = "My PlacesUITests.xctest"; sourceTree = BUILT_PRODUCTS_DIR; };
		8521CE0A282B002E0075545F /* My_PlacesUITests.swift */ = {isa = PBXFileReference; lastKnownFileType = sourcecode.swift; path = My_PlacesUITests.swift; sourceTree = "<group>"; };
		8521CE0C282B002E0075545F /* My_PlacesUITestsLaunchTests.swift */ = {isa = PBXFileReference; lastKnownFileType = sourcecode.swift; path = My_PlacesUITestsLaunchTests.swift; sourceTree = "<group>"; };
		854103BA282C54E300234A33 /* MainViewController.swift */ = {isa = PBXFileReference; lastKnownFileType = sourcecode.swift; path = MainViewController.swift; sourceTree = "<group>"; };
		854103E4282EC69400234A33 /* CustomTableViewCell.swift */ = {isa = PBXFileReference; lastKnownFileType = sourcecode.swift; path = CustomTableViewCell.swift; sourceTree = "<group>"; };
		854103F92830FACD00234A33 /* PlaceModal.swift */ = {isa = PBXFileReference; lastKnownFileType = sourcecode.swift; path = PlaceModal.swift; sourceTree = "<group>"; };
		854D4B9B283110C500754995 /* NewPlaceViewController.swift */ = {isa = PBXFileReference; lastKnownFileType = sourcecode.swift; path = NewPlaceViewController.swift; sourceTree = "<group>"; };
		85A12C462841619700C02890 /* MapManager.swift */ = {isa = PBXFileReference; lastKnownFileType = sourcecode.swift; path = MapManager.swift; sourceTree = "<group>"; };
		A6B17EE859A30F35FDEBB958 /* Pods_My_Places_My_PlacesUITests.framework */ = {isa = PBXFileReference; explicitFileType = wrapper.framework; includeInIndex = 0; path = Pods_My_Places_My_PlacesUITests.framework; sourceTree = BUILT_PRODUCTS_DIR; };
		C75A3DC2F4B19042D2D50B74 /* Pods-My Places.release.xcconfig */ = {isa = PBXFileReference; includeInIndex = 1; lastKnownFileType = text.xcconfig; name = "Pods-My Places.release.xcconfig"; path = "Target Support Files/Pods-My Places/Pods-My Places.release.xcconfig"; sourceTree = "<group>"; };
/* End PBXFileReference section */

/* Begin PBXFrameworksBuildPhase section */
		8521CDE3282B002D0075545F /* Frameworks */ = {
			isa = PBXFrameworksBuildPhase;
			buildActionMask = 2147483647;
			files = (
				75764C5C90D1A082D29B3DBC /* Pods_My_Places.framework in Frameworks */,
			);
			runOnlyForDeploymentPostprocessing = 0;
		};
		8521CDF9282B002E0075545F /* Frameworks */ = {
			isa = PBXFrameworksBuildPhase;
			buildActionMask = 2147483647;
			files = (
				6421BC6E7A56389EA0DC01F7 /* Pods_My_PlacesTests.framework in Frameworks */,
			);
			runOnlyForDeploymentPostprocessing = 0;
		};
		8521CE03282B002E0075545F /* Frameworks */ = {
			isa = PBXFrameworksBuildPhase;
			buildActionMask = 2147483647;
			files = (
				70D4DA68BFDC55453B9449A7 /* Pods_My_Places_My_PlacesUITests.framework in Frameworks */,
			);
			runOnlyForDeploymentPostprocessing = 0;
		};
/* End PBXFrameworksBuildPhase section */

/* Begin PBXGroup section */
		8521CDDD282B002D0075545F = {
			isa = PBXGroup;
			children = (
				8521CDE8282B002D0075545F /* My Places */,
				8521CDFF282B002E0075545F /* My PlacesTests */,
				8521CE09282B002E0075545F /* My PlacesUITests */,
				8521CDE7282B002D0075545F /* Products */,
				A30568CE32C791F81038781F /* Pods */,
				EEC0BAD536749F8E32BC619A /* Frameworks */,
			);
			sourceTree = "<group>";
		};
		8521CDE7282B002D0075545F /* Products */ = {
			isa = PBXGroup;
			children = (
				8521CDE6282B002D0075545F /* My Places.app */,
				8521CDFC282B002E0075545F /* My PlacesTests.xctest */,
				8521CE06282B002E0075545F /* My PlacesUITests.xctest */,
			);
			name = Products;
			sourceTree = "<group>";
		};
		8521CDE8282B002D0075545F /* My Places */ = {
			isa = PBXGroup;
			children = (
				85A12C482841747700C02890 /* ViewControllers */,
				85A12C4A284174A800C02890 /* Helpers */,
				85A12C4C2841750400C02890 /* IBuilder */,
				85A12C492841749E00C02890 /* Modals */,
				85A12C4B284174C400C02890 /* Support Files */,
			);
			path = "My Places";
			sourceTree = "<group>";
		};
		8521CDFF282B002E0075545F /* My PlacesTests */ = {
			isa = PBXGroup;
			children = (
				8521CE00282B002E0075545F /* My_PlacesTests.swift */,
			);
			path = "My PlacesTests";
			sourceTree = "<group>";
		};
		8521CE09282B002E0075545F /* My PlacesUITests */ = {
			isa = PBXGroup;
			children = (
				8521CE0A282B002E0075545F /* My_PlacesUITests.swift */,
				8521CE0C282B002E0075545F /* My_PlacesUITestsLaunchTests.swift */,
			);
			path = "My PlacesUITests";
			sourceTree = "<group>";
		};
		85A12C482841747700C02890 /* ViewControllers */ = {
			isa = PBXGroup;
			children = (
				854103E4282EC69400234A33 /* CustomTableViewCell.swift */,
				854D4B9B283110C500754995 /* NewPlaceViewController.swift */,
				851679CC283FF4D300F5EDBB /* MapViewController.swift */,
				854103BA282C54E300234A33 /* MainViewController.swift */,
			);
			path = ViewControllers;
			sourceTree = "<group>";
		};
		85A12C492841749E00C02890 /* Modals */ = {
			isa = PBXGroup;
			children = (
				854103F92830FACD00234A33 /* PlaceModal.swift */,
			);
			path = Modals;
			sourceTree = "<group>";
		};
		85A12C4A284174A800C02890 /* Helpers */ = {
			isa = PBXGroup;
			children = (
				85149776283E077600B44E2C /* RatingControl.swift */,
				8514974E2839739A00B44E2C /* StorageManager.swift */,
				85A12C462841619700C02890 /* MapManager.swift */,
			);
			path = Helpers;
			sourceTree = "<group>";
		};
		85A12C4B284174C400C02890 /* Support Files */ = {
			isa = PBXGroup;
			children = (
				8521CDE9282B002D0075545F /* AppDelegate.swift */,
				8521CDEB282B002D0075545F /* SceneDelegate.swift */,
				8521CDF2282B002E0075545F /* Assets.xcassets */,
				8521CDF7282B002E0075545F /* Info.plist */,
			);
			path = "Support Files";
			sourceTree = "<group>";
		};
		85A12C4C2841750400C02890 /* IBuilder */ = {
			isa = PBXGroup;
			children = (
				8521CDEF282B002D0075545F /* Main.storyboard */,
				8521CDF4282B002E0075545F /* LaunchScreen.storyboard */,
			);
			path = IBuilder;
			sourceTree = "<group>";
		};
		A30568CE32C791F81038781F /* Pods */ = {
			isa = PBXGroup;
			children = (
				5F9ABDE3672210136F51450C /* Pods-My Places.debug.xcconfig */,
				C75A3DC2F4B19042D2D50B74 /* Pods-My Places.release.xcconfig */,
				563E3E08D661B3C7AAA20DE2 /* Pods-My Places-My PlacesUITests.debug.xcconfig */,
				6F067621983E6CCFE105578E /* Pods-My Places-My PlacesUITests.release.xcconfig */,
				3557F6DC1154AA8FCBD143A6 /* Pods-My PlacesTests.debug.xcconfig */,
				52170CEC513272984489A41F /* Pods-My PlacesTests.release.xcconfig */,
			);
			path = Pods;
			sourceTree = "<group>";
		};
		EEC0BAD536749F8E32BC619A /* Frameworks */ = {
			isa = PBXGroup;
			children = (
				2988693570165BBCA2DB8567 /* Pods_My_Places.framework */,
				A6B17EE859A30F35FDEBB958 /* Pods_My_Places_My_PlacesUITests.framework */,
				248CF63170C888A5422375D0 /* Pods_My_PlacesTests.framework */,
			);
			name = Frameworks;
			sourceTree = "<group>";
		};
/* End PBXGroup section */

/* Begin PBXNativeTarget section */
		8521CDE5282B002D0075545F /* My Places */ = {
			isa = PBXNativeTarget;
			buildConfigurationList = 8521CE10282B002E0075545F /* Build configuration list for PBXNativeTarget "My Places" */;
			buildPhases = (
				25E35F79FD270DC1C8E49810 /* [CP] Check Pods Manifest.lock */,
				8521CDE2282B002D0075545F /* Sources */,
				8521CDE3282B002D0075545F /* Frameworks */,
				8521CDE4282B002D0075545F /* Resources */,
				602C598DA3BE07311B24DC33 /* [CP] Embed Pods Frameworks */,
			);
			buildRules = (
			);
			dependencies = (
			);
			name = "My Places";
			productName = "My Places";
			productReference = 8521CDE6282B002D0075545F /* My Places.app */;
			productType = "com.apple.product-type.application";
		};
		8521CDFB282B002E0075545F /* My PlacesTests */ = {
			isa = PBXNativeTarget;
			buildConfigurationList = 8521CE13282B002E0075545F /* Build configuration list for PBXNativeTarget "My PlacesTests" */;
			buildPhases = (
				809E36969683975A91633574 /* [CP] Check Pods Manifest.lock */,
				8521CDF8282B002E0075545F /* Sources */,
				8521CDF9282B002E0075545F /* Frameworks */,
				8521CDFA282B002E0075545F /* Resources */,
			);
			buildRules = (
			);
			dependencies = (
				8521CDFE282B002E0075545F /* PBXTargetDependency */,
			);
			name = "My PlacesTests";
			productName = "My PlacesTests";
			productReference = 8521CDFC282B002E0075545F /* My PlacesTests.xctest */;
			productType = "com.apple.product-type.bundle.unit-test";
		};
		8521CE05282B002E0075545F /* My PlacesUITests */ = {
			isa = PBXNativeTarget;
			buildConfigurationList = 8521CE16282B002E0075545F /* Build configuration list for PBXNativeTarget "My PlacesUITests" */;
			buildPhases = (
				A95821FAD2AA74AAC299BFB0 /* [CP] Check Pods Manifest.lock */,
				8521CE02282B002E0075545F /* Sources */,
				8521CE03282B002E0075545F /* Frameworks */,
				8521CE04282B002E0075545F /* Resources */,
				3D26B2CC6AAA0B11CEDF77C3 /* [CP] Embed Pods Frameworks */,
			);
			buildRules = (
			);
			dependencies = (
				8521CE08282B002E0075545F /* PBXTargetDependency */,
			);
			name = "My PlacesUITests";
			productName = "My PlacesUITests";
			productReference = 8521CE06282B002E0075545F /* My PlacesUITests.xctest */;
			productType = "com.apple.product-type.bundle.ui-testing";
		};
/* End PBXNativeTarget section */

/* Begin PBXProject section */
		8521CDDE282B002D0075545F /* Project object */ = {
			isa = PBXProject;
			attributes = {
				BuildIndependentTargetsInParallel = 1;
				LastSwiftUpdateCheck = 1330;
				LastUpgradeCheck = 1330;
				TargetAttributes = {
					8521CDE5282B002D0075545F = {
						CreatedOnToolsVersion = 13.3.1;
					};
					8521CDFB282B002E0075545F = {
						CreatedOnToolsVersion = 13.3.1;
						TestTargetID = 8521CDE5282B002D0075545F;
					};
					8521CE05282B002E0075545F = {
						CreatedOnToolsVersion = 13.3.1;
						TestTargetID = 8521CDE5282B002D0075545F;
					};
				};
			};
			buildConfigurationList = 8521CDE1282B002D0075545F /* Build configuration list for PBXProject "My Places" */;
			compatibilityVersion = "Xcode 13.0";
			developmentRegion = en;
			hasScannedForEncodings = 0;
			knownRegions = (
				en,
				Base,
			);
			mainGroup = 8521CDDD282B002D0075545F;
			productRefGroup = 8521CDE7282B002D0075545F /* Products */;
			projectDirPath = "";
			projectRoot = "";
			targets = (
				8521CDE5282B002D0075545F /* My Places */,
				8521CDFB282B002E0075545F /* My PlacesTests */,
				8521CE05282B002E0075545F /* My PlacesUITests */,
			);
		};
/* End PBXProject section */

/* Begin PBXResourcesBuildPhase section */
		8521CDE4282B002D0075545F /* Resources */ = {
			isa = PBXResourcesBuildPhase;
			buildActionMask = 2147483647;
			files = (
				8521CDF6282B002E0075545F /* LaunchScreen.storyboard in Resources */,
				8521CDF3282B002E0075545F /* Assets.xcassets in Resources */,
				8521CDF1282B002D0075545F /* Main.storyboard in Resources */,
			);
			runOnlyForDeploymentPostprocessing = 0;
		};
		8521CDFA282B002E0075545F /* Resources */ = {
			isa = PBXResourcesBuildPhase;
			buildActionMask = 2147483647;
			files = (
			);
			runOnlyForDeploymentPostprocessing = 0;
		};
		8521CE04282B002E0075545F /* Resources */ = {
			isa = PBXResourcesBuildPhase;
			buildActionMask = 2147483647;
			files = (
			);
			runOnlyForDeploymentPostprocessing = 0;
		};
/* End PBXResourcesBuildPhase section */

/* Begin PBXShellScriptBuildPhase section */
		25E35F79FD270DC1C8E49810 /* [CP] Check Pods Manifest.lock */ = {
			isa = PBXShellScriptBuildPhase;
			buildActionMask = 2147483647;
			files = (
			);
			inputFileListPaths = (
			);
			inputPaths = (
				"${PODS_PODFILE_DIR_PATH}/Podfile.lock",
				"${PODS_ROOT}/Manifest.lock",
			);
			name = "[CP] Check Pods Manifest.lock";
			outputFileListPaths = (
			);
			outputPaths = (
				"$(DERIVED_FILE_DIR)/Pods-My Places-checkManifestLockResult.txt",
			);
			runOnlyForDeploymentPostprocessing = 0;
			shellPath = /bin/sh;
			shellScript = "diff \"${PODS_PODFILE_DIR_PATH}/Podfile.lock\" \"${PODS_ROOT}/Manifest.lock\" > /dev/null\nif [ $? != 0 ] ; then\n    # print error to STDERR\n    echo \"error: The sandbox is not in sync with the Podfile.lock. Run 'pod install' or update your CocoaPods installation.\" >&2\n    exit 1\nfi\n# This output is used by Xcode 'outputs' to avoid re-running this script phase.\necho \"SUCCESS\" > \"${SCRIPT_OUTPUT_FILE_0}\"\n";
			showEnvVarsInLog = 0;
		};
		3D26B2CC6AAA0B11CEDF77C3 /* [CP] Embed Pods Frameworks */ = {
			isa = PBXShellScriptBuildPhase;
			buildActionMask = 2147483647;
			files = (
			);
			inputFileListPaths = (
				"${PODS_ROOT}/Target Support Files/Pods-My Places-My PlacesUITests/Pods-My Places-My PlacesUITests-frameworks-${CONFIGURATION}-input-files.xcfilelist",
			);
			name = "[CP] Embed Pods Frameworks";
			outputFileListPaths = (
				"${PODS_ROOT}/Target Support Files/Pods-My Places-My PlacesUITests/Pods-My Places-My PlacesUITests-frameworks-${CONFIGURATION}-output-files.xcfilelist",
			);
			runOnlyForDeploymentPostprocessing = 0;
			shellPath = /bin/sh;
			shellScript = "\"${PODS_ROOT}/Target Support Files/Pods-My Places-My PlacesUITests/Pods-My Places-My PlacesUITests-frameworks.sh\"\n";
			showEnvVarsInLog = 0;
		};
		602C598DA3BE07311B24DC33 /* [CP] Embed Pods Frameworks */ = {
			isa = PBXShellScriptBuildPhase;
			buildActionMask = 2147483647;
			files = (
			);
			inputFileListPaths = (
				"${PODS_ROOT}/Target Support Files/Pods-My Places/Pods-My Places-frameworks-${CONFIGURATION}-input-files.xcfilelist",
			);
			name = "[CP] Embed Pods Frameworks";
			outputFileListPaths = (
				"${PODS_ROOT}/Target Support Files/Pods-My Places/Pods-My Places-frameworks-${CONFIGURATION}-output-files.xcfilelist",
			);
			runOnlyForDeploymentPostprocessing = 0;
			shellPath = /bin/sh;
			shellScript = "\"${PODS_ROOT}/Target Support Files/Pods-My Places/Pods-My Places-frameworks.sh\"\n";
			showEnvVarsInLog = 0;
		};
		809E36969683975A91633574 /* [CP] Check Pods Manifest.lock */ = {
			isa = PBXShellScriptBuildPhase;
			buildActionMask = 2147483647;
			files = (
			);
			inputFileListPaths = (
			);
			inputPaths = (
				"${PODS_PODFILE_DIR_PATH}/Podfile.lock",
				"${PODS_ROOT}/Manifest.lock",
			);
			name = "[CP] Check Pods Manifest.lock";
			outputFileListPaths = (
			);
			outputPaths = (
				"$(DERIVED_FILE_DIR)/Pods-My PlacesTests-checkManifestLockResult.txt",
			);
			runOnlyForDeploymentPostprocessing = 0;
			shellPath = /bin/sh;
			shellScript = "diff \"${PODS_PODFILE_DIR_PATH}/Podfile.lock\" \"${PODS_ROOT}/Manifest.lock\" > /dev/null\nif [ $? != 0 ] ; then\n    # print error to STDERR\n    echo \"error: The sandbox is not in sync with the Podfile.lock. Run 'pod install' or update your CocoaPods installation.\" >&2\n    exit 1\nfi\n# This output is used by Xcode 'outputs' to avoid re-running this script phase.\necho \"SUCCESS\" > \"${SCRIPT_OUTPUT_FILE_0}\"\n";
			showEnvVarsInLog = 0;
		};
		A95821FAD2AA74AAC299BFB0 /* [CP] Check Pods Manifest.lock */ = {
			isa = PBXShellScriptBuildPhase;
			buildActionMask = 2147483647;
			files = (
			);
			inputFileListPaths = (
			);
			inputPaths = (
				"${PODS_PODFILE_DIR_PATH}/Podfile.lock",
				"${PODS_ROOT}/Manifest.lock",
			);
			name = "[CP] Check Pods Manifest.lock";
			outputFileListPaths = (
			);
			outputPaths = (
				"$(DERIVED_FILE_DIR)/Pods-My Places-My PlacesUITests-checkManifestLockResult.txt",
			);
			runOnlyForDeploymentPostprocessing = 0;
			shellPath = /bin/sh;
			shellScript = "diff \"${PODS_PODFILE_DIR_PATH}/Podfile.lock\" \"${PODS_ROOT}/Manifest.lock\" > /dev/null\nif [ $? != 0 ] ; then\n    # print error to STDERR\n    echo \"error: The sandbox is not in sync with the Podfile.lock. Run 'pod install' or update your CocoaPods installation.\" >&2\n    exit 1\nfi\n# This output is used by Xcode 'outputs' to avoid re-running this script phase.\necho \"SUCCESS\" > \"${SCRIPT_OUTPUT_FILE_0}\"\n";
			showEnvVarsInLog = 0;
		};
/* End PBXShellScriptBuildPhase section */

/* Begin PBXSourcesBuildPhase section */
		8521CDE2282B002D0075545F /* Sources */ = {
			isa = PBXSourcesBuildPhase;
			buildActionMask = 2147483647;
			files = (
				854103BB282C54E300234A33 /* MainViewController.swift in Sources */,
				854D4B9C283110C500754995 /* NewPlaceViewController.swift in Sources */,
				854103FA2830FACD00234A33 /* PlaceModal.swift in Sources */,
				8514974F2839739A00B44E2C /* StorageManager.swift in Sources */,
				851679CD283FF4D300F5EDBB /* MapViewController.swift in Sources */,
				85149777283E077600B44E2C /* RatingControl.swift in Sources */,
				85A12C472841619700C02890 /* MapManager.swift in Sources */,
				8521CDEA282B002D0075545F /* AppDelegate.swift in Sources */,
				854103E5282EC69400234A33 /* CustomTableViewCell.swift in Sources */,
				8521CDEC282B002D0075545F /* SceneDelegate.swift in Sources */,
			);
			runOnlyForDeploymentPostprocessing = 0;
		};
		8521CDF8282B002E0075545F /* Sources */ = {
			isa = PBXSourcesBuildPhase;
			buildActionMask = 2147483647;
			files = (
				8521CE01282B002E0075545F /* My_PlacesTests.swift in Sources */,
			);
			runOnlyForDeploymentPostprocessing = 0;
		};
		8521CE02282B002E0075545F /* Sources */ = {
			isa = PBXSourcesBuildPhase;
			buildActionMask = 2147483647;
			files = (
				8521CE0D282B002E0075545F /* My_PlacesUITestsLaunchTests.swift in Sources */,
				8521CE0B282B002E0075545F /* My_PlacesUITests.swift in Sources */,
			);
			runOnlyForDeploymentPostprocessing = 0;
		};
/* End PBXSourcesBuildPhase section */

/* Begin PBXTargetDependency section */
		8521CDFE282B002E0075545F /* PBXTargetDependency */ = {
			isa = PBXTargetDependency;
			target = 8521CDE5282B002D0075545F /* My Places */;
			targetProxy = 8521CDFD282B002E0075545F /* PBXContainerItemProxy */;
		};
		8521CE08282B002E0075545F /* PBXTargetDependency */ = {
			isa = PBXTargetDependency;
			target = 8521CDE5282B002D0075545F /* My Places */;
			targetProxy = 8521CE07282B002E0075545F /* PBXContainerItemProxy */;
		};
/* End PBXTargetDependency section */

/* Begin PBXVariantGroup section */
		8521CDEF282B002D0075545F /* Main.storyboard */ = {
			isa = PBXVariantGroup;
			children = (
				8521CDF0282B002D0075545F /* Base */,
			);
			name = Main.storyboard;
			sourceTree = "<group>";
		};
		8521CDF4282B002E0075545F /* LaunchScreen.storyboard */ = {
			isa = PBXVariantGroup;
			children = (
				8521CDF5282B002E0075545F /* Base */,
			);
			name = LaunchScreen.storyboard;
			sourceTree = "<group>";
		};
/* End PBXVariantGroup section */

/* Begin XCBuildConfiguration section */
		8521CE0E282B002E0075545F /* Debug */ = {
			isa = XCBuildConfiguration;
			buildSettings = {
				ALWAYS_SEARCH_USER_PATHS = NO;
				CLANG_ANALYZER_NONNULL = YES;
				CLANG_ANALYZER_NUMBER_OBJECT_CONVERSION = YES_AGGRESSIVE;
				CLANG_CXX_LANGUAGE_STANDARD = "gnu++17";
				CLANG_ENABLE_MODULES = YES;
				CLANG_ENABLE_OBJC_ARC = YES;
				CLANG_ENABLE_OBJC_WEAK = YES;
				CLANG_WARN_BLOCK_CAPTURE_AUTORELEASING = YES;
				CLANG_WARN_BOOL_CONVERSION = YES;
				CLANG_WARN_COMMA = YES;
				CLANG_WARN_CONSTANT_CONVERSION = YES;
				CLANG_WARN_DEPRECATED_OBJC_IMPLEMENTATIONS = YES;
				CLANG_WARN_DIRECT_OBJC_ISA_USAGE = YES_ERROR;
				CLANG_WARN_DOCUMENTATION_COMMENTS = YES;
				CLANG_WARN_EMPTY_BODY = YES;
				CLANG_WARN_ENUM_CONVERSION = YES;
				CLANG_WARN_INFINITE_RECURSION = YES;
				CLANG_WARN_INT_CONVERSION = YES;
				CLANG_WARN_NON_LITERAL_NULL_CONVERSION = YES;
				CLANG_WARN_OBJC_IMPLICIT_RETAIN_SELF = YES;
				CLANG_WARN_OBJC_LITERAL_CONVERSION = YES;
				CLANG_WARN_OBJC_ROOT_CLASS = YES_ERROR;
				CLANG_WARN_QUOTED_INCLUDE_IN_FRAMEWORK_HEADER = YES;
				CLANG_WARN_RANGE_LOOP_ANALYSIS = YES;
				CLANG_WARN_STRICT_PROTOTYPES = YES;
				CLANG_WARN_SUSPICIOUS_MOVE = YES;
				CLANG_WARN_UNGUARDED_AVAILABILITY = YES_AGGRESSIVE;
				CLANG_WARN_UNREACHABLE_CODE = YES;
				CLANG_WARN__DUPLICATE_METHOD_MATCH = YES;
				COPY_PHASE_STRIP = NO;
				DEBUG_INFORMATION_FORMAT = dwarf;
				ENABLE_STRICT_OBJC_MSGSEND = YES;
				ENABLE_TESTABILITY = YES;
				GCC_C_LANGUAGE_STANDARD = gnu11;
				GCC_DYNAMIC_NO_PIC = NO;
				GCC_NO_COMMON_BLOCKS = YES;
				GCC_OPTIMIZATION_LEVEL = 0;
				GCC_PREPROCESSOR_DEFINITIONS = (
					"DEBUG=1",
					"$(inherited)",
				);
				GCC_WARN_64_TO_32_BIT_CONVERSION = YES;
				GCC_WARN_ABOUT_RETURN_TYPE = YES_ERROR;
				GCC_WARN_UNDECLARED_SELECTOR = YES;
				GCC_WARN_UNINITIALIZED_AUTOS = YES_AGGRESSIVE;
				GCC_WARN_UNUSED_FUNCTION = YES;
				GCC_WARN_UNUSED_VARIABLE = YES;
				IPHONEOS_DEPLOYMENT_TARGET = 15.4;
				MTL_ENABLE_DEBUG_INFO = INCLUDE_SOURCE;
				MTL_FAST_MATH = YES;
				ONLY_ACTIVE_ARCH = YES;
				SDKROOT = iphoneos;
				SWIFT_ACTIVE_COMPILATION_CONDITIONS = DEBUG;
				SWIFT_OPTIMIZATION_LEVEL = "-Onone";
			};
			name = Debug;
		};
		8521CE0F282B002E0075545F /* Release */ = {
			isa = XCBuildConfiguration;
			buildSettings = {
				ALWAYS_SEARCH_USER_PATHS = NO;
				CLANG_ANALYZER_NONNULL = YES;
				CLANG_ANALYZER_NUMBER_OBJECT_CONVERSION = YES_AGGRESSIVE;
				CLANG_CXX_LANGUAGE_STANDARD = "gnu++17";
				CLANG_ENABLE_MODULES = YES;
				CLANG_ENABLE_OBJC_ARC = YES;
				CLANG_ENABLE_OBJC_WEAK = YES;
				CLANG_WARN_BLOCK_CAPTURE_AUTORELEASING = YES;
				CLANG_WARN_BOOL_CONVERSION = YES;
				CLANG_WARN_COMMA = YES;
				CLANG_WARN_CONSTANT_CONVERSION = YES;
				CLANG_WARN_DEPRECATED_OBJC_IMPLEMENTATIONS = YES;
				CLANG_WARN_DIRECT_OBJC_ISA_USAGE = YES_ERROR;
				CLANG_WARN_DOCUMENTATION_COMMENTS = YES;
				CLANG_WARN_EMPTY_BODY = YES;
				CLANG_WARN_ENUM_CONVERSION = YES;
				CLANG_WARN_INFINITE_RECURSION = YES;
				CLANG_WARN_INT_CONVERSION = YES;
				CLANG_WARN_NON_LITERAL_NULL_CONVERSION = YES;
				CLANG_WARN_OBJC_IMPLICIT_RETAIN_SELF = YES;
				CLANG_WARN_OBJC_LITERAL_CONVERSION = YES;
				CLANG_WARN_OBJC_ROOT_CLASS = YES_ERROR;
				CLANG_WARN_QUOTED_INCLUDE_IN_FRAMEWORK_HEADER = YES;
				CLANG_WARN_RANGE_LOOP_ANALYSIS = YES;
				CLANG_WARN_STRICT_PROTOTYPES = YES;
				CLANG_WARN_SUSPICIOUS_MOVE = YES;
				CLANG_WARN_UNGUARDED_AVAILABILITY = YES_AGGRESSIVE;
				CLANG_WARN_UNREACHABLE_CODE = YES;
				CLANG_WARN__DUPLICATE_METHOD_MATCH = YES;
				COPY_PHASE_STRIP = NO;
				DEBUG_INFORMATION_FORMAT = "dwarf-with-dsym";
				ENABLE_NS_ASSERTIONS = NO;
				ENABLE_STRICT_OBJC_MSGSEND = YES;
				GCC_C_LANGUAGE_STANDARD = gnu11;
				GCC_NO_COMMON_BLOCKS = YES;
				GCC_WARN_64_TO_32_BIT_CONVERSION = YES;
				GCC_WARN_ABOUT_RETURN_TYPE = YES_ERROR;
				GCC_WARN_UNDECLARED_SELECTOR = YES;
				GCC_WARN_UNINITIALIZED_AUTOS = YES_AGGRESSIVE;
				GCC_WARN_UNUSED_FUNCTION = YES;
				GCC_WARN_UNUSED_VARIABLE = YES;
				IPHONEOS_DEPLOYMENT_TARGET = 15.4;
				MTL_ENABLE_DEBUG_INFO = NO;
				MTL_FAST_MATH = YES;
				SDKROOT = iphoneos;
				SWIFT_COMPILATION_MODE = wholemodule;
				SWIFT_OPTIMIZATION_LEVEL = "-O";
				VALIDATE_PRODUCT = YES;
			};
			name = Release;
		};
		8521CE11282B002E0075545F /* Debug */ = {
			isa = XCBuildConfiguration;
			baseConfigurationReference = 5F9ABDE3672210136F51450C /* Pods-My Places.debug.xcconfig */;
			buildSettings = {
				ASSETCATALOG_COMPILER_APPICON_NAME = AppIcon;
				ASSETCATALOG_COMPILER_GLOBAL_ACCENT_COLOR_NAME = AccentColor;
				CODE_SIGN_IDENTITY = "Apple Development";
				CODE_SIGN_STYLE = Automatic;
				CURRENT_PROJECT_VERSION = 1;
				DEVELOPMENT_TEAM = 4XDZ9JNTK9;
				GENERATE_INFOPLIST_FILE = YES;
				INFOPLIST_FILE = "My Places/Support Files/Info.plist";
				INFOPLIST_KEY_UIApplicationSupportsIndirectInputEvents = YES;
				INFOPLIST_KEY_UILaunchStoryboardName = LaunchScreen;
				INFOPLIST_KEY_UIMainStoryboardFile = Main;
				INFOPLIST_KEY_UISupportedInterfaceOrientations_iPad = "UIInterfaceOrientationPortrait UIInterfaceOrientationPortraitUpsideDown UIInterfaceOrientationLandscapeLeft UIInterfaceOrientationLandscapeRight";
				INFOPLIST_KEY_UISupportedInterfaceOrientations_iPhone = "UIInterfaceOrientationPortrait UIInterfaceOrientationLandscapeLeft UIInterfaceOrientationLandscapeRight";
				LD_RUNPATH_SEARCH_PATHS = (
					"$(inherited)",
					"@executable_path/Frameworks",
				);
				MARKETING_VERSION = 1.0;
				PRODUCT_BUNDLE_IDENTIFIER = "Granium.My-Places";
				PRODUCT_NAME = "$(TARGET_NAME)";
				PROVISIONING_PROFILE_SPECIFIER = "";
				SWIFT_EMIT_LOC_STRINGS = YES;
				SWIFT_VERSION = 5.0;
				TARGETED_DEVICE_FAMILY = "1,2";
			};
			name = Debug;
		};
		8521CE12282B002E0075545F /* Release */ = {
			isa = XCBuildConfiguration;
			baseConfigurationReference = C75A3DC2F4B19042D2D50B74 /* Pods-My Places.release.xcconfig */;
			buildSettings = {
				ASSETCATALOG_COMPILER_APPICON_NAME = AppIcon;
				ASSETCATALOG_COMPILER_GLOBAL_ACCENT_COLOR_NAME = AccentColor;
				CODE_SIGN_IDENTITY = "Apple Development";
				CODE_SIGN_STYLE = Automatic;
				CURRENT_PROJECT_VERSION = 1;
				DEVELOPMENT_TEAM = 4XDZ9JNTK9;
				GENERATE_INFOPLIST_FILE = YES;
				INFOPLIST_FILE = "My Places/Support Files/Info.plist";
				INFOPLIST_KEY_UIApplicationSupportsIndirectInputEvents = YES;
				INFOPLIST_KEY_UILaunchStoryboardName = LaunchScreen;
				INFOPLIST_KEY_UIMainStoryboardFile = Main;
				INFOPLIST_KEY_UISupportedInterfaceOrientations_iPad = "UIInterfaceOrientationPortrait UIInterfaceOrientationPortraitUpsideDown UIInterfaceOrientationLandscapeLeft UIInterfaceOrientationLandscapeRight";
				INFOPLIST_KEY_UISupportedInterfaceOrientations_iPhone = "UIInterfaceOrientationPortrait UIInterfaceOrientationLandscapeLeft UIInterfaceOrientationLandscapeRight";
				LD_RUNPATH_SEARCH_PATHS = (
					"$(inherited)",
					"@executable_path/Frameworks",
				);
				MARKETING_VERSION = 1.0;
				PRODUCT_BUNDLE_IDENTIFIER = "Granium.My-Places";
				PRODUCT_NAME = "$(TARGET_NAME)";
				PROVISIONING_PROFILE_SPECIFIER = "";
				SWIFT_EMIT_LOC_STRINGS = YES;
				SWIFT_VERSION = 5.0;
				TARGETED_DEVICE_FAMILY = "1,2";
			};
			name = Release;
		};
		8521CE14282B002E0075545F /* Debug */ = {
			isa = XCBuildConfiguration;
			baseConfigurationReference = 3557F6DC1154AA8FCBD143A6 /* Pods-My PlacesTests.debug.xcconfig */;
			buildSettings = {
				ALWAYS_EMBED_SWIFT_STANDARD_LIBRARIES = YES;
				BUNDLE_LOADER = "$(TEST_HOST)";
				CODE_SIGN_STYLE = Automatic;
				CURRENT_PROJECT_VERSION = 1;
				GENERATE_INFOPLIST_FILE = YES;
				IPHONEOS_DEPLOYMENT_TARGET = 15.4;
				MARKETING_VERSION = 1.0;
				PRODUCT_BUNDLE_IDENTIFIER = "Granium.My-PlacesTests";
				PRODUCT_NAME = "$(TARGET_NAME)";
				SWIFT_EMIT_LOC_STRINGS = NO;
				SWIFT_VERSION = 5.0;
				TARGETED_DEVICE_FAMILY = "1,2";
				TEST_HOST = "$(BUILT_PRODUCTS_DIR)/My Places.app/My Places";
			};
			name = Debug;
		};
		8521CE15282B002E0075545F /* Release */ = {
			isa = XCBuildConfiguration;
			baseConfigurationReference = 52170CEC513272984489A41F /* Pods-My PlacesTests.release.xcconfig */;
			buildSettings = {
				ALWAYS_EMBED_SWIFT_STANDARD_LIBRARIES = YES;
				BUNDLE_LOADER = "$(TEST_HOST)";
				CODE_SIGN_STYLE = Automatic;
				CURRENT_PROJECT_VERSION = 1;
				GENERATE_INFOPLIST_FILE = YES;
				IPHONEOS_DEPLOYMENT_TARGET = 15.4;
				MARKETING_VERSION = 1.0;
				PRODUCT_BUNDLE_IDENTIFIER = "Granium.My-PlacesTests";
				PRODUCT_NAME = "$(TARGET_NAME)";
				SWIFT_EMIT_LOC_STRINGS = NO;
				SWIFT_VERSION = 5.0;
				TARGETED_DEVICE_FAMILY = "1,2";
				TEST_HOST = "$(BUILT_PRODUCTS_DIR)/My Places.app/My Places";
			};
			name = Release;
		};
		8521CE17282B002E0075545F /* Debug */ = {
			isa = XCBuildConfiguration;
			baseConfigurationReference = 563E3E08D661B3C7AAA20DE2 /* Pods-My Places-My PlacesUITests.debug.xcconfig */;
			buildSettings = {
				ALWAYS_EMBED_SWIFT_STANDARD_LIBRARIES = YES;
				CODE_SIGN_STYLE = Automatic;
				CURRENT_PROJECT_VERSION = 1;
				GENERATE_INFOPLIST_FILE = YES;
				MARKETING_VERSION = 1.0;
				PRODUCT_BUNDLE_IDENTIFIER = "Granium.My-PlacesUITests";
				PRODUCT_NAME = "$(TARGET_NAME)";
				SWIFT_EMIT_LOC_STRINGS = NO;
				SWIFT_VERSION = 5.0;
				TARGETED_DEVICE_FAMILY = "1,2";
				TEST_TARGET_NAME = "My Places";
			};
			name = Debug;
		};
		8521CE18282B002E0075545F /* Release */ = {
			isa = XCBuildConfiguration;
			baseConfigurationReference = 6F067621983E6CCFE105578E /* Pods-My Places-My PlacesUITests.release.xcconfig */;
			buildSettings = {
				ALWAYS_EMBED_SWIFT_STANDARD_LIBRARIES = YES;
				CODE_SIGN_STYLE = Automatic;
				CURRENT_PROJECT_VERSION = 1;
				GENERATE_INFOPLIST_FILE = YES;
				MARKETING_VERSION = 1.0;
				PRODUCT_BUNDLE_IDENTIFIER = "Granium.My-PlacesUITests";
				PRODUCT_NAME = "$(TARGET_NAME)";
				SWIFT_EMIT_LOC_STRINGS = NO;
				SWIFT_VERSION = 5.0;
				TARGETED_DEVICE_FAMILY = "1,2";
				TEST_TARGET_NAME = "My Places";
			};
			name = Release;
		};
/* End XCBuildConfiguration section */

/* Begin XCConfigurationList section */
		8521CDE1282B002D0075545F /* Build configuration list for PBXProject "My Places" */ = {
			isa = XCConfigurationList;
			buildConfigurations = (
				8521CE0E282B002E0075545F /* Debug */,
				8521CE0F282B002E0075545F /* Release */,
			);
			defaultConfigurationIsVisible = 0;
			defaultConfigurationName = Release;
		};
		8521CE10282B002E0075545F /* Build configuration list for PBXNativeTarget "My Places" */ = {
			isa = XCConfigurationList;
			buildConfigurations = (
				8521CE11282B002E0075545F /* Debug */,
				8521CE12282B002E0075545F /* Release */,
			);
			defaultConfigurationIsVisible = 0;
			defaultConfigurationName = Release;
		};
		8521CE13282B002E0075545F /* Build configuration list for PBXNativeTarget "My PlacesTests" */ = {
			isa = XCConfigurationList;
			buildConfigurations = (
				8521CE14282B002E0075545F /* Debug */,
				8521CE15282B002E0075545F /* Release */,
			);
			defaultConfigurationIsVisible = 0;
			defaultConfigurationName = Release;
		};
		8521CE16282B002E0075545F /* Build configuration list for PBXNativeTarget "My PlacesUITests" */ = {
			isa = XCConfigurationList;
			buildConfigurations = (
				8521CE17282B002E0075545F /* Debug */,
				8521CE18282B002E0075545F /* Release */,
			);
			defaultConfigurationIsVisible = 0;
			defaultConfigurationName = Release;
		};
/* End XCConfigurationList section */
	};
	rootObject = 8521CDDE282B002D0075545F /* Project object */;
}
